// !$*UTF8*$!
{
	archiveVersion = 1;
	classes = {
	};
	objectVersion = 50;
	objects = {

/* Begin PBXBuildFile section */
		9DA0A56024D4BD970001C827 /* AppDelegate.swift in Sources */ = {isa = PBXBuildFile; fileRef = 9DA0A55F24D4BD970001C827 /* AppDelegate.swift */; };
		9DA0A56224D4BD970001C827 /* SceneDelegate.swift in Sources */ = {isa = PBXBuildFile; fileRef = 9DA0A56124D4BD970001C827 /* SceneDelegate.swift */; };
		9DA0A56424D4BD970001C827 /* EmojiMemoryGameView.swift in Sources */ = {isa = PBXBuildFile; fileRef = 9DA0A56324D4BD970001C827 /* EmojiMemoryGameView.swift */; };
		9DA0A56624D4BD9C0001C827 /* Assets.xcassets in Resources */ = {isa = PBXBuildFile; fileRef = 9DA0A56524D4BD9C0001C827 /* Assets.xcassets */; };
		9DA0A56924D4BD9C0001C827 /* Preview Assets.xcassets in Resources */ = {isa = PBXBuildFile; fileRef = 9DA0A56824D4BD9C0001C827 /* Preview Assets.xcassets */; };
		9DA0A56C24D4BD9C0001C827 /* LaunchScreen.storyboard in Resources */ = {isa = PBXBuildFile; fileRef = 9DA0A56A24D4BD9C0001C827 /* LaunchScreen.storyboard */; };
		9DBB449124D55E4B00CF534D /* MemoryGame.swift in Sources */ = {isa = PBXBuildFile; fileRef = 9DBB449024D55E4B00CF534D /* MemoryGame.swift */; };
		9DBB449324D560EF00CF534D /* EmojiMemoryGame.swift in Sources */ = {isa = PBXBuildFile; fileRef = 9DBB449224D560EF00CF534D /* EmojiMemoryGame.swift */; };
		9DCEB50224D6C18200F69049 /* GridLayout.swift in Sources */ = {isa = PBXBuildFile; fileRef = 9DCEB50124D6C18200F69049 /* GridLayout.swift */; };
		9DCEB50424D6C63100F69049 /* Array+Identifiable.swift in Sources */ = {isa = PBXBuildFile; fileRef = 9DCEB50324D6C63100F69049 /* Array+Identifiable.swift */; };
		9DF61C7224D6BA2E009B786F /* Grid.swift in Sources */ = {isa = PBXBuildFile; fileRef = 9DF61C7124D6BA2E009B786F /* Grid.swift */; };
/* End PBXBuildFile section */

/* Begin PBXFileReference section */
		9DA0A55C24D4BD970001C827 /* Memorize.app */ = {isa = PBXFileReference; explicitFileType = wrapper.application; includeInIndex = 0; path = Memorize.app; sourceTree = BUILT_PRODUCTS_DIR; };
		9DA0A55F24D4BD970001C827 /* AppDelegate.swift */ = {isa = PBXFileReference; lastKnownFileType = sourcecode.swift; path = AppDelegate.swift; sourceTree = "<group>"; };
		9DA0A56124D4BD970001C827 /* SceneDelegate.swift */ = {isa = PBXFileReference; lastKnownFileType = sourcecode.swift; path = SceneDelegate.swift; sourceTree = "<group>"; };
		9DA0A56324D4BD970001C827 /* EmojiMemoryGameView.swift */ = {isa = PBXFileReference; lastKnownFileType = sourcecode.swift; path = EmojiMemoryGameView.swift; sourceTree = "<group>"; };
		9DA0A56524D4BD9C0001C827 /* Assets.xcassets */ = {isa = PBXFileReference; lastKnownFileType = folder.assetcatalog; path = Assets.xcassets; sourceTree = "<group>"; };
		9DA0A56824D4BD9C0001C827 /* Preview Assets.xcassets */ = {isa = PBXFileReference; lastKnownFileType = folder.assetcatalog; path = "Preview Assets.xcassets"; sourceTree = "<group>"; };
		9DA0A56B24D4BD9C0001C827 /* Base */ = {isa = PBXFileReference; lastKnownFileType = file.storyboard; name = Base; path = Base.lproj/LaunchScreen.storyboard; sourceTree = "<group>"; };
		9DA0A56D24D4BD9C0001C827 /* Info.plist */ = {isa = PBXFileReference; lastKnownFileType = text.plist.xml; path = Info.plist; sourceTree = "<group>"; };
		9DBB449024D55E4B00CF534D /* MemoryGame.swift */ = {isa = PBXFileReference; lastKnownFileType = sourcecode.swift; path = MemoryGame.swift; sourceTree = "<group>"; };
		9DBB449224D560EF00CF534D /* EmojiMemoryGame.swift */ = {isa = PBXFileReference; lastKnownFileType = sourcecode.swift; path = EmojiMemoryGame.swift; sourceTree = "<group>"; };
		9DCEB50124D6C18200F69049 /* GridLayout.swift */ = {isa = PBXFileReference; fileEncoding = 4; lastKnownFileType = sourcecode.swift; path = GridLayout.swift; sourceTree = "<group>"; };
		9DCEB50324D6C63100F69049 /* Array+Identifiable.swift */ = {isa = PBXFileReference; lastKnownFileType = sourcecode.swift; path = "Array+Identifiable.swift"; sourceTree = "<group>"; };
		9DF61C7124D6BA2E009B786F /* Grid.swift */ = {isa = PBXFileReference; lastKnownFileType = sourcecode.swift; path = Grid.swift; sourceTree = "<group>"; };
/* End PBXFileReference section */

/* Begin PBXFrameworksBuildPhase section */
		9DA0A55924D4BD970001C827 /* Frameworks */ = {
			isa = PBXFrameworksBuildPhase;
			buildActionMask = 2147483647;
			files = (
			);
			runOnlyForDeploymentPostprocessing = 0;
		};
/* End PBXFrameworksBuildPhase section */

/* Begin PBXGroup section */
		9DA0A55324D4BD970001C827 = {
			isa = PBXGroup;
			children = (
				9DA0A55E24D4BD970001C827 /* Memorize */,
				9DA0A55D24D4BD970001C827 /* Products */,
			);
			sourceTree = "<group>";
		};
		9DA0A55D24D4BD970001C827 /* Products */ = {
			isa = PBXGroup;
			children = (
				9DA0A55C24D4BD970001C827 /* Memorize.app */,
			);
			name = Products;
			sourceTree = "<group>";
		};
		9DA0A55E24D4BD970001C827 /* Memorize */ = {
			isa = PBXGroup;
			children = (
				9DA0A55F24D4BD970001C827 /* AppDelegate.swift */,
				9DA0A56124D4BD970001C827 /* SceneDelegate.swift */,
				9DA0A56324D4BD970001C827 /* EmojiMemoryGameView.swift */,
				9DF61C7124D6BA2E009B786F /* Grid.swift */,
				9DCEB50324D6C63100F69049 /* Array+Identifiable.swift */,
				9DCEB50124D6C18200F69049 /* GridLayout.swift */,
				9DBB449024D55E4B00CF534D /* MemoryGame.swift */,
				9DBB449224D560EF00CF534D /* EmojiMemoryGame.swift */,
				9DA0A56524D4BD9C0001C827 /* Assets.xcassets */,
				9DA0A56A24D4BD9C0001C827 /* LaunchScreen.storyboard */,
				9DA0A56D24D4BD9C0001C827 /* Info.plist */,
				9DA0A56724D4BD9C0001C827 /* Preview Content */,
			);
			path = Memorize;
			sourceTree = "<group>";
		};
		9DA0A56724D4BD9C0001C827 /* Preview Content */ = {
			isa = PBXGroup;
			children = (
				9DA0A56824D4BD9C0001C827 /* Preview Assets.xcassets */,
			);
			path = "Preview Content";
			sourceTree = "<group>";
		};
/* End PBXGroup section */

/* Begin PBXNativeTarget section */
		9DA0A55B24D4BD970001C827 /* Memorize */ = {
			isa = PBXNativeTarget;
			buildConfigurationList = 9DA0A57024D4BD9C0001C827 /* Build configuration list for PBXNativeTarget "Memorize" */;
			buildPhases = (
				9DA0A55824D4BD970001C827 /* Sources */,
				9DA0A55924D4BD970001C827 /* Frameworks */,
				9DA0A55A24D4BD970001C827 /* Resources */,
			);
			buildRules = (
			);
			dependencies = (
			);
			name = Memorize;
			productName = Memorize;
			productReference = 9DA0A55C24D4BD970001C827 /* Memorize.app */;
			productType = "com.apple.product-type.application";
		};
/* End PBXNativeTarget section */

/* Begin PBXProject section */
		9DA0A55424D4BD970001C827 /* Project object */ = {
			isa = PBXProject;
			attributes = {
				LastSwiftUpdateCheck = 1160;
				LastUpgradeCheck = 1160;
				ORGANIZATIONNAME = "Allan Garcia";
				TargetAttributes = {
					9DA0A55B24D4BD970001C827 = {
						CreatedOnToolsVersion = 11.6;
					};
				};
			};
			buildConfigurationList = 9DA0A55724D4BD970001C827 /* Build configuration list for PBXProject "Memorize" */;
			compatibilityVersion = "Xcode 9.3";
			developmentRegion = en;
			hasScannedForEncodings = 0;
			knownRegions = (
				en,
				Base,
			);
			mainGroup = 9DA0A55324D4BD970001C827;
			productRefGroup = 9DA0A55D24D4BD970001C827 /* Products */;
			projectDirPath = "";
			projectRoot = "";
			targets = (
				9DA0A55B24D4BD970001C827 /* Memorize */,
			);
		};
/* End PBXProject section */

/* Begin PBXResourcesBuildPhase section */
		9DA0A55A24D4BD970001C827 /* Resources */ = {
			isa = PBXResourcesBuildPhase;
			buildActionMask = 2147483647;
			files = (
				9DA0A56C24D4BD9C0001C827 /* LaunchScreen.storyboard in Resources */,
				9DA0A56924D4BD9C0001C827 /* Preview Assets.xcassets in Resources */,
				9DA0A56624D4BD9C0001C827 /* Assets.xcassets in Resources */,
			);
			runOnlyForDeploymentPostprocessing = 0;
		};
/* End PBXResourcesBuildPhase section */

/* Begin PBXSourcesBuildPhase section */
		9DA0A55824D4BD970001C827 /* Sources */ = {
			isa = PBXSourcesBuildPhase;
			buildActionMask = 2147483647;
			files = (
				9DF61C7224D6BA2E009B786F /* Grid.swift in Sources */,
				9DA0A56024D4BD970001C827 /* AppDelegate.swift in Sources */,
				9DA0A56224D4BD970001C827 /* SceneDelegate.swift in Sources */,
				9DBB449124D55E4B00CF534D /* MemoryGame.swift in Sources */,
				9DA0A56424D4BD970001C827 /* EmojiMemoryGameView.swift in Sources */,
				9DCEB50424D6C63100F69049 /* Array+Identifiable.swift in Sources */,
				9DCEB50224D6C18200F69049 /* GridLayout.swift in Sources */,
				9DBB449324D560EF00CF534D /* EmojiMemoryGame.swift in Sources */,
			);
			runOnlyForDeploymentPostprocessing = 0;
		};
/* End PBXSourcesBuildPhase section */

/* Begin PBXVariantGroup section */
		9DA0A56A24D4BD9C0001C827 /* LaunchScreen.storyboard */ = {
			isa = PBXVariantGroup;
			children = (
				9DA0A56B24D4BD9C0001C827 /* Base */,
			);
			name = LaunchScreen.storyboard;
			sourceTree = "<group>";
		};
/* End PBXVariantGroup section */

/* Begin XCBuildConfiguration section */
		9DA0A56E24D4BD9C0001C827 /* Debug */ = {
			isa = XCBuildConfiguration;
			buildSettings = {
				ALWAYS_SEARCH_USER_PATHS = NO;
				CLANG_ANALYZER_NONNULL = YES;
				CLANG_ANALYZER_NUMBER_OBJECT_CONVERSION = YES_AGGRESSIVE;
				CLANG_CXX_LANGUAGE_STANDARD = "gnu++14";
				CLANG_CXX_LIBRARY = "libc++";
				CLANG_ENABLE_MODULES = YES;
				CLANG_ENABLE_OBJC_ARC = YES;
				CLANG_ENABLE_OBJC_WEAK = YES;
				CLANG_WARN_BLOCK_CAPTURE_AUTORELEASING = YES;
				CLANG_WARN_BOOL_CONVERSION = YES;
				CLANG_WARN_COMMA = YES;
				CLANG_WARN_CONSTANT_CONVERSION = YES;
				CLANG_WARN_DEPRECATED_OBJC_IMPLEMENTATIONS = YES;
				CLANG_WARN_DIRECT_OBJC_ISA_USAGE = YES_ERROR;
				CLANG_WARN_DOCUMENTATION_COMMENTS = YES;
				CLANG_WARN_EMPTY_BODY = YES;
				CLANG_WARN_ENUM_CONVERSION = YES;
				CLANG_WARN_INFINITE_RECURSION = YES;
				CLANG_WARN_INT_CONVERSION = YES;
				CLANG_WARN_NON_LITERAL_NULL_CONVERSION = YES;
				CLANG_WARN_OBJC_IMPLICIT_RETAIN_SELF = YES;
				CLANG_WARN_OBJC_LITERAL_CONVERSION = YES;
				CLANG_WARN_OBJC_ROOT_CLASS = YES_ERROR;
				CLANG_WARN_RANGE_LOOP_ANALYSIS = YES;
				CLANG_WARN_STRICT_PROTOTYPES = YES;
				CLANG_WARN_SUSPICIOUS_MOVE = YES;
				CLANG_WARN_UNGUARDED_AVAILABILITY = YES_AGGRESSIVE;
				CLANG_WARN_UNREACHABLE_CODE = YES;
				CLANG_WARN__DUPLICATE_METHOD_MATCH = YES;
				COPY_PHASE_STRIP = NO;
				DEBUG_INFORMATION_FORMAT = dwarf;
				ENABLE_STRICT_OBJC_MSGSEND = YES;
				ENABLE_TESTABILITY = YES;
				GCC_C_LANGUAGE_STANDARD = gnu11;
				GCC_DYNAMIC_NO_PIC = NO;
				GCC_NO_COMMON_BLOCKS = YES;
				GCC_OPTIMIZATION_LEVEL = 0;
				GCC_PREPROCESSOR_DEFINITIONS = (
					"DEBUG=1",
					"$(inherited)",
				);
				GCC_WARN_64_TO_32_BIT_CONVERSION = YES;
				GCC_WARN_ABOUT_RETURN_TYPE = YES_ERROR;
				GCC_WARN_UNDECLARED_SELECTOR = YES;
				GCC_WARN_UNINITIALIZED_AUTOS = YES_AGGRESSIVE;
				GCC_WARN_UNUSED_FUNCTION = YES;
				GCC_WARN_UNUSED_VARIABLE = YES;
				IPHONEOS_DEPLOYMENT_TARGET = 13.6;
				MTL_ENABLE_DEBUG_INFO = INCLUDE_SOURCE;
				MTL_FAST_MATH = YES;
				ONLY_ACTIVE_ARCH = YES;
				SDKROOT = iphoneos;
				SWIFT_ACTIVE_COMPILATION_CONDITIONS = DEBUG;
				SWIFT_OPTIMIZATION_LEVEL = "-Onone";
			};
			name = Debug;
		};
		9DA0A56F24D4BD9C0001C827 /* Release */ = {
			isa = XCBuildConfiguration;
			buildSettings = {
				ALWAYS_SEARCH_USER_PATHS = NO;
				CLANG_ANALYZER_NONNULL = YES;
				CLANG_ANALYZER_NUMBER_OBJECT_CONVERSION = YES_AGGRESSIVE;
				CLANG_CXX_LANGUAGE_STANDARD = "gnu++14";
				CLANG_CXX_LIBRARY = "libc++";
				CLANG_ENABLE_MODULES = YES;
				CLANG_ENABLE_OBJC_ARC = YES;
				CLANG_ENABLE_OBJC_WEAK = YES;
				CLANG_WARN_BLOCK_CAPTURE_AUTORELEASING = YES;
				CLANG_WARN_BOOL_CONVERSION = YES;
				CLANG_WARN_COMMA = YES;
				CLANG_WARN_CONSTANT_CONVERSION = YES;
				CLANG_WARN_DEPRECATED_OBJC_IMPLEMENTATIONS = YES;
				CLANG_WARN_DIRECT_OBJC_ISA_USAGE = YES_ERROR;
				CLANG_WARN_DOCUMENTATION_COMMENTS = YES;
				CLANG_WARN_EMPTY_BODY = YES;
				CLANG_WARN_ENUM_CONVERSION = YES;
				CLANG_WARN_INFINITE_RECURSION = YES;
				CLANG_WARN_INT_CONVERSION = YES;
				CLANG_WARN_NON_LITERAL_NULL_CONVERSION = YES;
				CLANG_WARN_OBJC_IMPLICIT_RETAIN_SELF = YES;
				CLANG_WARN_OBJC_LITERAL_CONVERSION = YES;
				CLANG_WARN_OBJC_ROOT_CLASS = YES_ERROR;
				CLANG_WARN_RANGE_LOOP_ANALYSIS = YES;
				CLANG_WARN_STRICT_PROTOTYPES = YES;
				CLANG_WARN_SUSPICIOUS_MOVE = YES;
				CLANG_WARN_UNGUARDED_AVAILABILITY = YES_AGGRESSIVE;
				CLANG_WARN_UNREACHABLE_CODE = YES;
				CLANG_WARN__DUPLICATE_METHOD_MATCH = YES;
				COPY_PHASE_STRIP = NO;
				DEBUG_INFORMATION_FORMAT = "dwarf-with-dsym";
				ENABLE_NS_ASSERTIONS = NO;
				ENABLE_STRICT_OBJC_MSGSEND = YES;
				GCC_C_LANGUAGE_STANDARD = gnu11;
				GCC_NO_COMMON_BLOCKS = YES;
				GCC_WARN_64_TO_32_BIT_CONVERSION = YES;
				GCC_WARN_ABOUT_RETURN_TYPE = YES_ERROR;
				GCC_WARN_UNDECLARED_SELECTOR = YES;
				GCC_WARN_UNINITIALIZED_AUTOS = YES_AGGRESSIVE;
				GCC_WARN_UNUSED_FUNCTION = YES;
				GCC_WARN_UNUSED_VARIABLE = YES;
				IPHONEOS_DEPLOYMENT_TARGET = 13.6;
				MTL_ENABLE_DEBUG_INFO = NO;
				MTL_FAST_MATH = YES;
				SDKROOT = iphoneos;
				SWIFT_COMPILATION_MODE = wholemodule;
				SWIFT_OPTIMIZATION_LEVEL = "-O";
				VALIDATE_PRODUCT = YES;
			};
			name = Release;
		};
		9DA0A57124D4BD9C0001C827 /* Debug */ = {
			isa = XCBuildConfiguration;
			buildSettings = {
				ASSETCATALOG_COMPILER_APPICON_NAME = AppIcon;
				CODE_SIGN_STYLE = Automatic;
				DEVELOPMENT_ASSET_PATHS = "\"Memorize/Preview Content\"";
				DEVELOPMENT_TEAM = 4MZ8DH8Y8D;
				ENABLE_PREVIEWS = YES;
				INFOPLIST_FILE = Memorize/Info.plist;
				LD_RUNPATH_SEARCH_PATHS = (
					"$(inherited)",
					"@executable_path/Frameworks",
				);
				PRODUCT_BUNDLE_IDENTIFIER = com.allangarcia.Memorize;
				PRODUCT_NAME = "$(TARGET_NAME)";
				SWIFT_VERSION = 5.0;
				TARGETED_DEVICE_FAMILY = "1,2";
			};
			name = Debug;
		};
		9DA0A57224D4BD9C0001C827 /* Release */ = {
			isa = XCBuildConfiguration;
			buildSettings = {
				ASSETCATALOG_COMPILER_APPICON_NAME = AppIcon;
				CODE_SIGN_STYLE = Automatic;
				DEVELOPMENT_ASSET_PATHS = "\"Memorize/Preview Content\"";
				DEVELOPMENT_TEAM = 4MZ8DH8Y8D;
				ENABLE_PREVIEWS = YES;
				INFOPLIST_FILE = Memorize/Info.plist;
				LD_RUNPATH_SEARCH_PATHS = (
					"$(inherited)",
					"@executable_path/Frameworks",
				);
				PRODUCT_BUNDLE_IDENTIFIER = com.allangarcia.Memorize;
				PRODUCT_NAME = "$(TARGET_NAME)";
				SWIFT_VERSION = 5.0;
				TARGETED_DEVICE_FAMILY = "1,2";
			};
			name = Release;
		};
/* End XCBuildConfiguration section */

/* Begin XCConfigurationList section */
		9DA0A55724D4BD970001C827 /* Build configuration list for PBXProject "Memorize" */ = {
			isa = XCConfigurationList;
			buildConfigurations = (
				9DA0A56E24D4BD9C0001C827 /* Debug */,
				9DA0A56F24D4BD9C0001C827 /* Release */,
			);
			defaultConfigurationIsVisible = 0;
			defaultConfigurationName = Release;
		};
		9DA0A57024D4BD9C0001C827 /* Build configuration list for PBXNativeTarget "Memorize" */ = {
			isa = XCConfigurationList;
			buildConfigurations = (
				9DA0A57124D4BD9C0001C827 /* Debug */,
				9DA0A57224D4BD9C0001C827 /* Release */,
			);
			defaultConfigurationIsVisible = 0;
			defaultConfigurationName = Release;
		};
/* End XCConfigurationList section */
	};
	rootObject = 9DA0A55424D4BD970001C827 /* Project object */;
}
